// !$*UTF8*$!
{
	archiveVersion = 1;
	classes = {
	};
	objectVersion = 55;
	objects = {

/* Begin PBXBuildFile section */
		2BDF670DB9AE4CA51E8419A1 /* Pods_topic.framework in Frameworks */ = {isa = PBXBuildFile; fileRef = 538F43A4DDCF33C68BFC66A1 /* Pods_topic.framework */; };
		4B0D6B7127FD82B300FB3AC9 /* result.json in Resources */ = {isa = PBXBuildFile; fileRef = 4B0D6B7027FD82B300FB3AC9 /* result.json */; };
		4B3909D22805129900C1AEDE /* searchPagCVC.swift in Sources */ = {isa = PBXBuildFile; fileRef = 4B3909D12805129900C1AEDE /* searchPagCVC.swift */; };
		4B3909D4280512B100C1AEDE /* searchPagCell.swift in Sources */ = {isa = PBXBuildFile; fileRef = 4B3909D3280512B100C1AEDE /* searchPagCell.swift */; };
		4B390A832805D83800C1AEDE /* hime3.mp4 in Resources */ = {isa = PBXBuildFile; fileRef = 4B390A822805D83800C1AEDE /* hime3.mp4 */; };
		4B390AAB280683F500C1AEDE /* liveRoomVC.swift in Sources */ = {isa = PBXBuildFile; fileRef = 4B390AAA280683F500C1AEDE /* liveRoomVC.swift */; };
		4B3BA2D327FEF11F00CEBE9A /* liveStreamingCVC.swift in Sources */ = {isa = PBXBuildFile; fileRef = 4B3BA2D227FEF11F00CEBE9A /* liveStreamingCVC.swift */; };
		4B3BA2D527FEF13400CEBE9A /* liveStreamingCell.swift in Sources */ = {isa = PBXBuildFile; fileRef = 4B3BA2D427FEF13400CEBE9A /* liveStreamingCell.swift */; };
		4B4948FE27FB05A2003B0DA6 /* steamerModel.swift in Sources */ = {isa = PBXBuildFile; fileRef = 4B4948FD27FB05A2003B0DA6 /* steamerModel.swift */; };
		4B49490027FB0637003B0DA6 /* signInVC.swift in Sources */ = {isa = PBXBuildFile; fileRef = 4B4948FF27FB0637003B0DA6 /* signInVC.swift */; };
		4B5408BC27F49FA2002C125F /* AppDelegate.swift in Sources */ = {isa = PBXBuildFile; fileRef = 4B5408BB27F49FA2002C125F /* AppDelegate.swift */; };
		4B5408BE27F49FA2002C125F /* SceneDelegate.swift in Sources */ = {isa = PBXBuildFile; fileRef = 4B5408BD27F49FA2002C125F /* SceneDelegate.swift */; };
		4B5408C327F49FA2002C125F /* Main.storyboard in Resources */ = {isa = PBXBuildFile; fileRef = 4B5408C127F49FA2002C125F /* Main.storyboard */; };
		4B5408C527F49FA4002C125F /* Assets.xcassets in Resources */ = {isa = PBXBuildFile; fileRef = 4B5408C427F49FA4002C125F /* Assets.xcassets */; };
		4B5408C827F49FA4002C125F /* LaunchScreen.storyboard in Resources */ = {isa = PBXBuildFile; fileRef = 4B5408C627F49FA4002C125F /* LaunchScreen.storyboard */; };
		4B54749428027E640071C2F4 /* memberProfileVC.swift in Sources */ = {isa = PBXBuildFile; fileRef = 4B54749328027E640071C2F4 /* memberProfileVC.swift */; };
		4B547496280287C80071C2F4 /* memberModel.swift in Sources */ = {isa = PBXBuildFile; fileRef = 4B547495280287C80071C2F4 /* memberModel.swift */; };
		4B83270127FC3559006CF949 /* GoogleService-Info.plist in Resources */ = {isa = PBXBuildFile; fileRef = 4B83270027FC3559006CF949 /* GoogleService-Info.plist */; };
		4B90033C2809290D00D9C3CE /* WSResponseModel.swift in Sources */ = {isa = PBXBuildFile; fileRef = 4B90033B2809290D00D9C3CE /* WSResponseModel.swift */; };
		4B96E41C280E901100A2F914 /* Localizable.strings in Resources */ = {isa = PBXBuildFile; fileRef = 4B96E41E280E901100A2F914 /* Localizable.strings */; };
		4BBC3F7128073E2F0048A9DB /* liveRoomCell.swift in Sources */ = {isa = PBXBuildFile; fileRef = 4BBC3F7028073E2F0048A9DB /* liveRoomCell.swift */; };
		4BDB99362807C39B00D497EF /* toast.swift in Sources */ = {isa = PBXBuildFile; fileRef = 4BDB99352807C39B00D497EF /* toast.swift */; };
		C05AD2E127F986D300374793 /* signUpVC.swift in Sources */ = {isa = PBXBuildFile; fileRef = C05AD2E027F986D300374793 /* signUpVC.swift */; };
/* End PBXBuildFile section */

/* Begin PBXFileReference section */
		0EBBA5FFBA18C85619636EF9 /* Pods-topic.release.xcconfig */ = {isa = PBXFileReference; includeInIndex = 1; lastKnownFileType = text.xcconfig; name = "Pods-topic.release.xcconfig"; path = "Target Support Files/Pods-topic/Pods-topic.release.xcconfig"; sourceTree = "<group>"; };
		4B0D6B7027FD82B300FB3AC9 /* result.json */ = {isa = PBXFileReference; fileEncoding = 4; lastKnownFileType = text.json; path = result.json; sourceTree = "<group>"; };
		4B3909D12805129900C1AEDE /* searchPagCVC.swift */ = {isa = PBXFileReference; lastKnownFileType = sourcecode.swift; path = searchPagCVC.swift; sourceTree = "<group>"; };
		4B3909D3280512B100C1AEDE /* searchPagCell.swift */ = {isa = PBXFileReference; lastKnownFileType = sourcecode.swift; path = searchPagCell.swift; sourceTree = "<group>"; };
		4B390A822805D83800C1AEDE /* hime3.mp4 */ = {isa = PBXFileReference; lastKnownFileType = file; name = hime3.mp4; path = topic/Data/hime3.mp4; sourceTree = SOURCE_ROOT; };
		4B390AAA280683F500C1AEDE /* liveRoomVC.swift */ = {isa = PBXFileReference; lastKnownFileType = sourcecode.swift; path = liveRoomVC.swift; sourceTree = "<group>"; };
		4B3BA2D227FEF11F00CEBE9A /* liveStreamingCVC.swift */ = {isa = PBXFileReference; lastKnownFileType = sourcecode.swift; path = liveStreamingCVC.swift; sourceTree = "<group>"; };
		4B3BA2D427FEF13400CEBE9A /* liveStreamingCell.swift */ = {isa = PBXFileReference; lastKnownFileType = sourcecode.swift; path = liveStreamingCell.swift; sourceTree = "<group>"; };
		4B43A107280E745C004D03ED /* zh-Hans */ = {isa = PBXFileReference; lastKnownFileType = text.plist.strings; name = "zh-Hans"; path = "zh-Hans.lproj/Main.strings"; sourceTree = "<group>"; };
		4B43A108280E745C004D03ED /* zh-Hans */ = {isa = PBXFileReference; lastKnownFileType = text.plist.strings; name = "zh-Hans"; path = "zh-Hans.lproj/LaunchScreen.strings"; sourceTree = "<group>"; };
		4B43A10B280E809D004D03ED /* zh-Hant */ = {isa = PBXFileReference; lastKnownFileType = text.plist.strings; name = "zh-Hant"; path = "zh-Hant.lproj/Main.strings"; sourceTree = "<group>"; };
		4B43A10C280E809D004D03ED /* zh-Hant */ = {isa = PBXFileReference; lastKnownFileType = text.plist.strings; name = "zh-Hant"; path = "zh-Hant.lproj/LaunchScreen.strings"; sourceTree = "<group>"; };
		4B4948FD27FB05A2003B0DA6 /* steamerModel.swift */ = {isa = PBXFileReference; lastKnownFileType = sourcecode.swift; path = steamerModel.swift; sourceTree = "<group>"; };
		4B4948FF27FB0637003B0DA6 /* signInVC.swift */ = {isa = PBXFileReference; lastKnownFileType = sourcecode.swift; path = signInVC.swift; sourceTree = "<group>"; };
		4B5408B827F49FA2002C125F /* topic.app */ = {isa = PBXFileReference; explicitFileType = wrapper.application; includeInIndex = 0; path = topic.app; sourceTree = BUILT_PRODUCTS_DIR; };
		4B5408BB27F49FA2002C125F /* AppDelegate.swift */ = {isa = PBXFileReference; lastKnownFileType = sourcecode.swift; path = AppDelegate.swift; sourceTree = "<group>"; };
		4B5408BD27F49FA2002C125F /* SceneDelegate.swift */ = {isa = PBXFileReference; lastKnownFileType = sourcecode.swift; path = SceneDelegate.swift; sourceTree = "<group>"; };
		4B5408C227F49FA2002C125F /* Base */ = {isa = PBXFileReference; lastKnownFileType = file.storyboard; name = Base; path = Base.lproj/Main.storyboard; sourceTree = "<group>"; };
		4B5408C427F49FA4002C125F /* Assets.xcassets */ = {isa = PBXFileReference; lastKnownFileType = folder.assetcatalog; path = Assets.xcassets; sourceTree = "<group>"; };
		4B5408C727F49FA4002C125F /* Base */ = {isa = PBXFileReference; lastKnownFileType = file.storyboard; name = Base; path = Base.lproj/LaunchScreen.storyboard; sourceTree = "<group>"; };
		4B5408C927F49FA4002C125F /* Info.plist */ = {isa = PBXFileReference; lastKnownFileType = text.plist.xml; path = Info.plist; sourceTree = "<group>"; };
		4B54749328027E640071C2F4 /* memberProfileVC.swift */ = {isa = PBXFileReference; lastKnownFileType = sourcecode.swift; path = memberProfileVC.swift; sourceTree = "<group>"; };
		4B547495280287C80071C2F4 /* memberModel.swift */ = {isa = PBXFileReference; lastKnownFileType = sourcecode.swift; path = memberModel.swift; sourceTree = "<group>"; };
		4B83270027FC3559006CF949 /* GoogleService-Info.plist */ = {isa = PBXFileReference; fileEncoding = 4; lastKnownFileType = text.plist.xml; path = "GoogleService-Info.plist"; sourceTree = "<group>"; };
		4B90033B2809290D00D9C3CE /* WSResponseModel.swift */ = {isa = PBXFileReference; lastKnownFileType = sourcecode.swift; path = WSResponseModel.swift; sourceTree = "<group>"; };
		4B96E41D280E901100A2F914 /* zh-Hans */ = {isa = PBXFileReference; lastKnownFileType = text.plist.strings; name = "zh-Hans"; path = "zh-Hans.lproj/Localizable.strings"; sourceTree = "<group>"; };
		4B96E41F280E901900A2F914 /* zh-Hant */ = {isa = PBXFileReference; lastKnownFileType = text.plist.strings; name = "zh-Hant"; path = "zh-Hant.lproj/Localizable.strings"; sourceTree = "<group>"; };
		4BBC3F7028073E2F0048A9DB /* liveRoomCell.swift */ = {isa = PBXFileReference; lastKnownFileType = sourcecode.swift; path = liveRoomCell.swift; sourceTree = "<group>"; };
		4BDB99352807C39B00D497EF /* toast.swift */ = {isa = PBXFileReference; lastKnownFileType = sourcecode.swift; path = toast.swift; sourceTree = "<group>"; };
		538F43A4DDCF33C68BFC66A1 /* Pods_topic.framework */ = {isa = PBXFileReference; explicitFileType = wrapper.framework; includeInIndex = 0; path = Pods_topic.framework; sourceTree = BUILT_PRODUCTS_DIR; };
		C05AD2E027F986D300374793 /* signUpVC.swift */ = {isa = PBXFileReference; lastKnownFileType = sourcecode.swift; path = signUpVC.swift; sourceTree = "<group>"; };
		DEA14AD7DA2EFE80E4DE2558 /* Pods-topic.debug.xcconfig */ = {isa = PBXFileReference; includeInIndex = 1; lastKnownFileType = text.xcconfig; name = "Pods-topic.debug.xcconfig"; path = "Target Support Files/Pods-topic/Pods-topic.debug.xcconfig"; sourceTree = "<group>"; };
/* End PBXFileReference section */

/* Begin PBXFrameworksBuildPhase section */
		4B5408B527F49FA2002C125F /* Frameworks */ = {
			isa = PBXFrameworksBuildPhase;
			buildActionMask = 2147483647;
			files = (
				2BDF670DB9AE4CA51E8419A1 /* Pods_topic.framework in Frameworks */,
			);
			runOnlyForDeploymentPostprocessing = 0;
		};
/* End PBXFrameworksBuildPhase section */

/* Begin PBXGroup section */
		4B390A4C2805B69B00C1AEDE /* Data */ = {
			isa = PBXGroup;
			children = (
				4B0D6B7027FD82B300FB3AC9 /* result.json */,
				4B390A822805D83800C1AEDE /* hime3.mp4 */,
				4BDB99352807C39B00D497EF /* toast.swift */,
			);
			path = Data;
			sourceTree = "<group>";
		};
		4B4948FC27FB058C003B0DA6 /* Model */ = {
			isa = PBXGroup;
			children = (
				4B4948FD27FB05A2003B0DA6 /* steamerModel.swift */,
				4B547495280287C80071C2F4 /* memberModel.swift */,
				4B90033B2809290D00D9C3CE /* WSResponseModel.swift */,
			);
			path = Model;
			sourceTree = "<group>";
		};
		4B5408AF27F49FA2002C125F = {
			isa = PBXGroup;
			children = (
				4B5408BA27F49FA2002C125F /* topic */,
				4B5408B927F49FA2002C125F /* Products */,
				4B89C22C2809B101006547B4 /* Frameworks */,
				98A4EB65429096C7F0C09918 /* Pods */,
			);
			sourceTree = "<group>";
		};
		4B5408B927F49FA2002C125F /* Products */ = {
			isa = PBXGroup;
			children = (
				4B5408B827F49FA2002C125F /* topic.app */,
			);
			name = Products;
			sourceTree = "<group>";
		};
		4B5408BA27F49FA2002C125F /* topic */ = {
			isa = PBXGroup;
			children = (
				4B390A4C2805B69B00C1AEDE /* Data */,
				4B4948FC27FB058C003B0DA6 /* Model */,
				4B786CFB27F7EC64008CED2F /* Controllor */,
				4B786CFD27F7ECA2008CED2F /* Cell */,
				4B5408BB27F49FA2002C125F /* AppDelegate.swift */,
				4B83270027FC3559006CF949 /* GoogleService-Info.plist */,
				4B5408BD27F49FA2002C125F /* SceneDelegate.swift */,
				4B5408C127F49FA2002C125F /* Main.storyboard */,
				4B5408C427F49FA4002C125F /* Assets.xcassets */,
				4B5408C627F49FA4002C125F /* LaunchScreen.storyboard */,
				4B5408C927F49FA4002C125F /* Info.plist */,
				4B96E41E280E901100A2F914 /* Localizable.strings */,
			);
			path = topic;
			sourceTree = "<group>";
		};
		4B786CFB27F7EC64008CED2F /* Controllor */ = {
			isa = PBXGroup;
			children = (
				C05AD2E027F986D300374793 /* signUpVC.swift */,
				4B4948FF27FB0637003B0DA6 /* signInVC.swift */,
				4B3BA2D227FEF11F00CEBE9A /* liveStreamingCVC.swift */,
				4B54749328027E640071C2F4 /* memberProfileVC.swift */,
				4B3909D12805129900C1AEDE /* searchPagCVC.swift */,
				4B390AAA280683F500C1AEDE /* liveRoomVC.swift */,
			);
			path = Controllor;
			sourceTree = "<group>";
		};
		4B786CFD27F7ECA2008CED2F /* Cell */ = {
			isa = PBXGroup;
			children = (
				4B3BA2D427FEF13400CEBE9A /* liveStreamingCell.swift */,
				4B3909D3280512B100C1AEDE /* searchPagCell.swift */,
				4BBC3F7028073E2F0048A9DB /* liveRoomCell.swift */,
			);
			path = Cell;
			sourceTree = "<group>";
		};
		4B89C22C2809B101006547B4 /* Frameworks */ = {
			isa = PBXGroup;
			children = (
				538F43A4DDCF33C68BFC66A1 /* Pods_topic.framework */,
			);
			name = Frameworks;
			sourceTree = "<group>";
		};
		98A4EB65429096C7F0C09918 /* Pods */ = {
			isa = PBXGroup;
			children = (
				DEA14AD7DA2EFE80E4DE2558 /* Pods-topic.debug.xcconfig */,
				0EBBA5FFBA18C85619636EF9 /* Pods-topic.release.xcconfig */,
			);
			path = Pods;
			sourceTree = "<group>";
		};
/* End PBXGroup section */

/* Begin PBXNativeTarget section */
		4B5408B727F49FA2002C125F /* topic */ = {
			isa = PBXNativeTarget;
			buildConfigurationList = 4B5408CC27F49FA4002C125F /* Build configuration list for PBXNativeTarget "topic" */;
			buildPhases = (
				29F78FB5BD8C04B10C6A3214 /* [CP] Check Pods Manifest.lock */,
				4B5408B427F49FA2002C125F /* Sources */,
				4B5408B527F49FA2002C125F /* Frameworks */,
				4B5408B627F49FA2002C125F /* Resources */,
				C449FF70223C7ABD32691392 /* [CP] Embed Pods Frameworks */,
			);
			buildRules = (
			);
			dependencies = (
				4B8326FD27FC2C5B006CF949 /* PBXTargetDependency */,
				4B8326FB27FC2C57006CF949 /* PBXTargetDependency */,
				4B8326F927FC2C51006CF949 /* PBXTargetDependency */,
				4B8326F527FC2C2F006CF949 /* PBXTargetDependency */,
				4B8326F327FC2C2B006CF949 /* PBXTargetDependency */,
				4B8326F127FC2C27006CF949 /* PBXTargetDependency */,
				4B8326EF27FC2C21006CF949 /* PBXTargetDependency */,
			);
			name = topic;
			productName = topic;
			productReference = 4B5408B827F49FA2002C125F /* topic.app */;
			productType = "com.apple.product-type.application";
		};
/* End PBXNativeTarget section */

/* Begin PBXProject section */
		4B5408B027F49FA2002C125F /* Project object */ = {
			isa = PBXProject;
			attributes = {
				BuildIndependentTargetsInParallel = 1;
				LastSwiftUpdateCheck = 1330;
				LastUpgradeCheck = 1330;
				TargetAttributes = {
					4B5408B727F49FA2002C125F = {
						CreatedOnToolsVersion = 13.3;
					};
				};
			};
			buildConfigurationList = 4B5408B327F49FA2002C125F /* Build configuration list for PBXProject "topic" */;
			compatibilityVersion = "Xcode 13.0";
			developmentRegion = en;
			hasScannedForEncodings = 0;
			knownRegions = (
				en,
				Base,
				"zh-Hans",
				"zh-Hant",
			);
			mainGroup = 4B5408AF27F49FA2002C125F;
			productRefGroup = 4B5408B927F49FA2002C125F /* Products */;
			projectDirPath = "";
			projectRoot = "";
			targets = (
				4B5408B727F49FA2002C125F /* topic */,
			);
		};
/* End PBXProject section */

/* Begin PBXResourcesBuildPhase section */
		4B5408B627F49FA2002C125F /* Resources */ = {
			isa = PBXResourcesBuildPhase;
			buildActionMask = 2147483647;
			files = (
				4B0D6B7127FD82B300FB3AC9 /* result.json in Resources */,
				4B5408C827F49FA4002C125F /* LaunchScreen.storyboard in Resources */,
				4B5408C527F49FA4002C125F /* Assets.xcassets in Resources */,
				4B83270127FC3559006CF949 /* GoogleService-Info.plist in Resources */,
				4B96E41C280E901100A2F914 /* Localizable.strings in Resources */,
				4B390A832805D83800C1AEDE /* hime3.mp4 in Resources */,
				4B5408C327F49FA2002C125F /* Main.storyboard in Resources */,
			);
			runOnlyForDeploymentPostprocessing = 0;
		};
/* End PBXResourcesBuildPhase section */

/* Begin PBXShellScriptBuildPhase section */
		29F78FB5BD8C04B10C6A3214 /* [CP] Check Pods Manifest.lock */ = {
			isa = PBXShellScriptBuildPhase;
			buildActionMask = 2147483647;
			files = (
			);
			inputFileListPaths = (
			);
			inputPaths = (
				"${PODS_PODFILE_DIR_PATH}/Podfile.lock",
				"${PODS_ROOT}/Manifest.lock",
			);
			name = "[CP] Check Pods Manifest.lock";
			outputFileListPaths = (
			);
			outputPaths = (
				"$(DERIVED_FILE_DIR)/Pods-topic-checkManifestLockResult.txt",
			);
			runOnlyForDeploymentPostprocessing = 0;
			shellPath = /bin/sh;
			shellScript = "diff \"${PODS_PODFILE_DIR_PATH}/Podfile.lock\" \"${PODS_ROOT}/Manifest.lock\" > /dev/null\nif [ $? != 0 ] ; then\n    # print error to STDERR\n    echo \"error: The sandbox is not in sync with the Podfile.lock. Run 'pod install' or update your CocoaPods installation.\" >&2\n    exit 1\nfi\n# This output is used by Xcode 'outputs' to avoid re-running this script phase.\necho \"SUCCESS\" > \"${SCRIPT_OUTPUT_FILE_0}\"\n";
			showEnvVarsInLog = 0;
		};
		C449FF70223C7ABD32691392 /* [CP] Embed Pods Frameworks */ = {
			isa = PBXShellScriptBuildPhase;
			buildActionMask = 2147483647;
			files = (
			);
			inputFileListPaths = (
				"${PODS_ROOT}/Target Support Files/Pods-topic/Pods-topic-frameworks-${CONFIGURATION}-input-files.xcfilelist",
			);
			name = "[CP] Embed Pods Frameworks";
			outputFileListPaths = (
				"${PODS_ROOT}/Target Support Files/Pods-topic/Pods-topic-frameworks-${CONFIGURATION}-output-files.xcfilelist",
			);
			runOnlyForDeploymentPostprocessing = 0;
			shellPath = /bin/sh;
			shellScript = "\"${PODS_ROOT}/Target Support Files/Pods-topic/Pods-topic-frameworks.sh\"\n";
			showEnvVarsInLog = 0;
		};
/* End PBXShellScriptBuildPhase section */

/* Begin PBXSourcesBuildPhase section */
		4B5408B427F49FA2002C125F /* Sources */ = {
			isa = PBXSourcesBuildPhase;
			buildActionMask = 2147483647;
			files = (
				4B3909D4280512B100C1AEDE /* searchPagCell.swift in Sources */,
				4BDB99362807C39B00D497EF /* toast.swift in Sources */,
				C05AD2E127F986D300374793 /* signUpVC.swift in Sources */,
				4B3909D22805129900C1AEDE /* searchPagCVC.swift in Sources */,
				4B3BA2D527FEF13400CEBE9A /* liveStreamingCell.swift in Sources */,
				4B547496280287C80071C2F4 /* memberModel.swift in Sources */,
				4B390AAB280683F500C1AEDE /* liveRoomVC.swift in Sources */,
				4B49490027FB0637003B0DA6 /* signInVC.swift in Sources */,
				4B4948FE27FB05A2003B0DA6 /* steamerModel.swift in Sources */,
				4BBC3F7128073E2F0048A9DB /* liveRoomCell.swift in Sources */,
				4B90033C2809290D00D9C3CE /* WSResponseModel.swift in Sources */,
				4B5408BC27F49FA2002C125F /* AppDelegate.swift in Sources */,
				4B5408BE27F49FA2002C125F /* SceneDelegate.swift in Sources */,
				4B3BA2D327FEF11F00CEBE9A /* liveStreamingCVC.swift in Sources */,
				4B54749428027E640071C2F4 /* memberProfileVC.swift in Sources */,
			);
			runOnlyForDeploymentPostprocessing = 0;
		};
/* End PBXSourcesBuildPhase section */

/* Begin PBXTargetDependency section */
		4B8326EF27FC2C21006CF949 /* PBXTargetDependency */ = {
			isa = PBXTargetDependency;
		};
		4B8326F127FC2C27006CF949 /* PBXTargetDependency */ = {
			isa = PBXTargetDependency;
		};
		4B8326F327FC2C2B006CF949 /* PBXTargetDependency */ = {
			isa = PBXTargetDependency;
		};
		4B8326F527FC2C2F006CF949 /* PBXTargetDependency */ = {
			isa = PBXTargetDependency;
		};
		4B8326F927FC2C51006CF949 /* PBXTargetDependency */ = {
			isa = PBXTargetDependency;
		};
		4B8326FB27FC2C57006CF949 /* PBXTargetDependency */ = {
			isa = PBXTargetDependency;
		};
		4B8326FD27FC2C5B006CF949 /* PBXTargetDependency */ = {
			isa = PBXTargetDependency;
		};
/* End PBXTargetDependency section */

/* Begin PBXVariantGroup section */
		4B5408C127F49FA2002C125F /* Main.storyboard */ = {
			isa = PBXVariantGroup;
			children = (
				4B5408C227F49FA2002C125F /* Base */,
				4B43A107280E745C004D03ED /* zh-Hans */,
				4B43A10B280E809D004D03ED /* zh-Hant */,
			);
			name = Main.storyboard;
			sourceTree = "<group>";
		};
		4B5408C627F49FA4002C125F /* LaunchScreen.storyboard */ = {
			isa = PBXVariantGroup;
			children = (
				4B5408C727F49FA4002C125F /* Base */,
				4B43A108280E745C004D03ED /* zh-Hans */,
				4B43A10C280E809D004D03ED /* zh-Hant */,
			);
			name = LaunchScreen.storyboard;
			sourceTree = "<group>";
		};
		4B96E41E280E901100A2F914 /* Localizable.strings */ = {
			isa = PBXVariantGroup;
			children = (
				4B96E41D280E901100A2F914 /* zh-Hans */,
				4B96E41F280E901900A2F914 /* zh-Hant */,
			);
			name = Localizable.strings;
			sourceTree = "<group>";
		};
/* End PBXVariantGroup section */

/* Begin XCBuildConfiguration section */
		4B5408CA27F49FA4002C125F /* Debug */ = {
			isa = XCBuildConfiguration;
			buildSettings = {
				ALWAYS_SEARCH_USER_PATHS = NO;
				CLANG_ANALYZER_LOCALIZABILITY_NONLOCALIZED = YES;
				CLANG_ANALYZER_NONNULL = YES;
				CLANG_ANALYZER_NUMBER_OBJECT_CONVERSION = YES_AGGRESSIVE;
				CLANG_CXX_LANGUAGE_STANDARD = "gnu++17";
				CLANG_ENABLE_MODULES = YES;
				CLANG_ENABLE_OBJC_ARC = YES;
				CLANG_ENABLE_OBJC_WEAK = YES;
				CLANG_WARN_BLOCK_CAPTURE_AUTORELEASING = YES;
				CLANG_WARN_BOOL_CONVERSION = YES;
				CLANG_WARN_COMMA = YES;
				CLANG_WARN_CONSTANT_CONVERSION = YES;
				CLANG_WARN_DEPRECATED_OBJC_IMPLEMENTATIONS = YES;
				CLANG_WARN_DIRECT_OBJC_ISA_USAGE = YES_ERROR;
				CLANG_WARN_DOCUMENTATION_COMMENTS = YES;
				CLANG_WARN_EMPTY_BODY = YES;
				CLANG_WARN_ENUM_CONVERSION = YES;
				CLANG_WARN_INFINITE_RECURSION = YES;
				CLANG_WARN_INT_CONVERSION = YES;
				CLANG_WARN_NON_LITERAL_NULL_CONVERSION = YES;
				CLANG_WARN_OBJC_IMPLICIT_RETAIN_SELF = YES;
				CLANG_WARN_OBJC_LITERAL_CONVERSION = YES;
				CLANG_WARN_OBJC_ROOT_CLASS = YES_ERROR;
				CLANG_WARN_QUOTED_INCLUDE_IN_FRAMEWORK_HEADER = YES;
				CLANG_WARN_RANGE_LOOP_ANALYSIS = YES;
				CLANG_WARN_STRICT_PROTOTYPES = YES;
				CLANG_WARN_SUSPICIOUS_MOVE = YES;
				CLANG_WARN_UNGUARDED_AVAILABILITY = YES_AGGRESSIVE;
				CLANG_WARN_UNREACHABLE_CODE = YES;
				CLANG_WARN__DUPLICATE_METHOD_MATCH = YES;
				COPY_PHASE_STRIP = NO;
				DEBUG_INFORMATION_FORMAT = dwarf;
				ENABLE_STRICT_OBJC_MSGSEND = YES;
				ENABLE_TESTABILITY = YES;
				GCC_C_LANGUAGE_STANDARD = gnu11;
				GCC_DYNAMIC_NO_PIC = NO;
				GCC_NO_COMMON_BLOCKS = YES;
				GCC_OPTIMIZATION_LEVEL = 0;
				GCC_PREPROCESSOR_DEFINITIONS = (
					"DEBUG=1",
					"$(inherited)",
				);
				GCC_WARN_64_TO_32_BIT_CONVERSION = YES;
				GCC_WARN_ABOUT_RETURN_TYPE = YES_ERROR;
				GCC_WARN_UNDECLARED_SELECTOR = YES;
				GCC_WARN_UNINITIALIZED_AUTOS = YES_AGGRESSIVE;
				GCC_WARN_UNUSED_FUNCTION = YES;
				GCC_WARN_UNUSED_VARIABLE = YES;
				IPHONEOS_DEPLOYMENT_TARGET = 13.0;
				MTL_ENABLE_DEBUG_INFO = INCLUDE_SOURCE;
				MTL_FAST_MATH = YES;
				ONLY_ACTIVE_ARCH = YES;
				SDKROOT = iphoneos;
				SWIFT_ACTIVE_COMPILATION_CONDITIONS = DEBUG;
				SWIFT_OPTIMIZATION_LEVEL = "-Onone";
			};
			name = Debug;
		};
		4B5408CB27F49FA4002C125F /* Release */ = {
			isa = XCBuildConfiguration;
			buildSettings = {
				ALWAYS_SEARCH_USER_PATHS = NO;
				CLANG_ANALYZER_LOCALIZABILITY_NONLOCALIZED = YES;
				CLANG_ANALYZER_NONNULL = YES;
				CLANG_ANALYZER_NUMBER_OBJECT_CONVERSION = YES_AGGRESSIVE;
				CLANG_CXX_LANGUAGE_STANDARD = "gnu++17";
				CLANG_ENABLE_MODULES = YES;
				CLANG_ENABLE_OBJC_ARC = YES;
				CLANG_ENABLE_OBJC_WEAK = YES;
				CLANG_WARN_BLOCK_CAPTURE_AUTORELEASING = YES;
				CLANG_WARN_BOOL_CONVERSION = YES;
				CLANG_WARN_COMMA = YES;
				CLANG_WARN_CONSTANT_CONVERSION = YES;
				CLANG_WARN_DEPRECATED_OBJC_IMPLEMENTATIONS = YES;
				CLANG_WARN_DIRECT_OBJC_ISA_USAGE = YES_ERROR;
				CLANG_WARN_DOCUMENTATION_COMMENTS = YES;
				CLANG_WARN_EMPTY_BODY = YES;
				CLANG_WARN_ENUM_CONVERSION = YES;
				CLANG_WARN_INFINITE_RECURSION = YES;
				CLANG_WARN_INT_CONVERSION = YES;
				CLANG_WARN_NON_LITERAL_NULL_CONVERSION = YES;
				CLANG_WARN_OBJC_IMPLICIT_RETAIN_SELF = YES;
				CLANG_WARN_OBJC_LITERAL_CONVERSION = YES;
				CLANG_WARN_OBJC_ROOT_CLASS = YES_ERROR;
				CLANG_WARN_QUOTED_INCLUDE_IN_FRAMEWORK_HEADER = YES;
				CLANG_WARN_RANGE_LOOP_ANALYSIS = YES;
				CLANG_WARN_STRICT_PROTOTYPES = YES;
				CLANG_WARN_SUSPICIOUS_MOVE = YES;
				CLANG_WARN_UNGUARDED_AVAILABILITY = YES_AGGRESSIVE;
				CLANG_WARN_UNREACHABLE_CODE = YES;
				CLANG_WARN__DUPLICATE_METHOD_MATCH = YES;
				COPY_PHASE_STRIP = NO;
				DEBUG_INFORMATION_FORMAT = "dwarf-with-dsym";
				ENABLE_NS_ASSERTIONS = NO;
				ENABLE_STRICT_OBJC_MSGSEND = YES;
				GCC_C_LANGUAGE_STANDARD = gnu11;
				GCC_NO_COMMON_BLOCKS = YES;
				GCC_WARN_64_TO_32_BIT_CONVERSION = YES;
				GCC_WARN_ABOUT_RETURN_TYPE = YES_ERROR;
				GCC_WARN_UNDECLARED_SELECTOR = YES;
				GCC_WARN_UNINITIALIZED_AUTOS = YES_AGGRESSIVE;
				GCC_WARN_UNUSED_FUNCTION = YES;
				GCC_WARN_UNUSED_VARIABLE = YES;
				IPHONEOS_DEPLOYMENT_TARGET = 13.0;
				MTL_ENABLE_DEBUG_INFO = NO;
				MTL_FAST_MATH = YES;
				SDKROOT = iphoneos;
				SWIFT_COMPILATION_MODE = wholemodule;
				SWIFT_OPTIMIZATION_LEVEL = "-O";
				VALIDATE_PRODUCT = YES;
			};
			name = Release;
		};
		4B5408CD27F49FA4002C125F /* Debug */ = {
			isa = XCBuildConfiguration;
			baseConfigurationReference = DEA14AD7DA2EFE80E4DE2558 /* Pods-topic.debug.xcconfig */;
			buildSettings = {
				ASSETCATALOG_COMPILER_APPICON_NAME = AppIcon;
				ASSETCATALOG_COMPILER_GLOBAL_ACCENT_COLOR_NAME = AccentColor;
				ASSETCATALOG_COMPILER_INCLUDE_ALL_APPICON_ASSETS = YES;
				CODE_SIGN_STYLE = Automatic;
				CURRENT_PROJECT_VERSION = 1;
				DEVELOPMENT_TEAM = UQ5UQC7B69;
				GENERATE_INFOPLIST_FILE = YES;
				INFOPLIST_FILE = topic/Info.plist;
				INFOPLIST_KEY_CFBundleDisplayName = Wells_Lin;
				INFOPLIST_KEY_NSCameraUsageDescription = "允許啟用你的相機";
				INFOPLIST_KEY_UIApplicationSupportsIndirectInputEvents = YES;
				INFOPLIST_KEY_UILaunchStoryboardName = LaunchScreen;
				INFOPLIST_KEY_UIMainStoryboardFile = Main;
				INFOPLIST_KEY_UISupportedInterfaceOrientations_iPad = "UIInterfaceOrientationPortrait UIInterfaceOrientationPortraitUpsideDown UIInterfaceOrientationLandscapeLeft UIInterfaceOrientationLandscapeRight";
				INFOPLIST_KEY_UISupportedInterfaceOrientations_iPhone = "UIInterfaceOrientationPortrait UIInterfaceOrientationLandscapeLeft UIInterfaceOrientationLandscapeRight";
				IPHONEOS_DEPLOYMENT_TARGET = 13.0;
				LD_RUNPATH_SEARCH_PATHS = (
					"$(inherited)",
					"@executable_path/Frameworks",
				);
				MARKETING_VERSION = 1.0;
				PRODUCT_BUNDLE_IDENTIFIER = www.wells.topic.rob;
				PRODUCT_NAME = "$(TARGET_NAME)";
				SWIFT_EMIT_LOC_STRINGS = YES;
				SWIFT_VERSION = 5.0;
				TARGETED_DEVICE_FAMILY = "1,2";
			};
			name = Debug;
		};
		4B5408CE27F49FA4002C125F /* Release */ = {
			isa = XCBuildConfiguration;
			baseConfigurationReference = 0EBBA5FFBA18C85619636EF9 /* Pods-topic.release.xcconfig */;
			buildSettings = {
				ASSETCATALOG_COMPILER_APPICON_NAME = AppIcon;
				ASSETCATALOG_COMPILER_GLOBAL_ACCENT_COLOR_NAME = AccentColor;
				ASSETCATALOG_COMPILER_INCLUDE_ALL_APPICON_ASSETS = YES;
				CODE_SIGN_STYLE = Automatic;
				CURRENT_PROJECT_VERSION = 1;
				DEVELOPMENT_TEAM = UQ5UQC7B69;
				GENERATE_INFOPLIST_FILE = YES;
				INFOPLIST_FILE = topic/Info.plist;
				INFOPLIST_KEY_CFBundleDisplayName = Wells_Lin;
				INFOPLIST_KEY_NSCameraUsageDescription = "允許啟用你的相機";
				INFOPLIST_KEY_UIApplicationSupportsIndirectInputEvents = YES;
				INFOPLIST_KEY_UILaunchStoryboardName = LaunchScreen;
				INFOPLIST_KEY_UIMainStoryboardFile = Main;
				INFOPLIST_KEY_UISupportedInterfaceOrientations_iPad = "UIInterfaceOrientationPortrait UIInterfaceOrientationPortraitUpsideDown UIInterfaceOrientationLandscapeLeft UIInterfaceOrientationLandscapeRight";
				INFOPLIST_KEY_UISupportedInterfaceOrientations_iPhone = "UIInterfaceOrientationPortrait UIInterfaceOrientationLandscapeLeft UIInterfaceOrientationLandscapeRight";
				IPHONEOS_DEPLOYMENT_TARGET = 13.0;
				LD_RUNPATH_SEARCH_PATHS = (
					"$(inherited)",
					"@executable_path/Frameworks",
				);
				MARKETING_VERSION = 1.0;
				PRODUCT_BUNDLE_IDENTIFIER = www.wells.topic.rob;
				PRODUCT_NAME = "$(TARGET_NAME)";
				SWIFT_EMIT_LOC_STRINGS = YES;
				SWIFT_VERSION = 5.0;
				TARGETED_DEVICE_FAMILY = "1,2";
			};
			name = Release;
		};
/* End XCBuildConfiguration section */

/* Begin XCConfigurationList section */
		4B5408B327F49FA2002C125F /* Build configuration list for PBXProject "topic" */ = {
			isa = XCConfigurationList;
			buildConfigurations = (
				4B5408CA27F49FA4002C125F /* Debug */,
				4B5408CB27F49FA4002C125F /* Release */,
			);
			defaultConfigurationIsVisible = 0;
			defaultConfigurationName = Release;
		};
		4B5408CC27F49FA4002C125F /* Build configuration list for PBXNativeTarget "topic" */ = {
			isa = XCConfigurationList;
			buildConfigurations = (
				4B5408CD27F49FA4002C125F /* Debug */,
				4B5408CE27F49FA4002C125F /* Release */,
			);
			defaultConfigurationIsVisible = 0;
			defaultConfigurationName = Release;
		};
/* End XCConfigurationList section */
	};
	rootObject = 4B5408B027F49FA2002C125F /* Project object */;
}
